hash: 24fd018773174f4f508095d88fd1107ab570905cd52b0bdd3729923c715acea6
updated: 2017-09-12T11:25:39.907223536+01:00
imports:
- name: github.com/huandu/facebook
  version: efe962f32209aa6e7430fb779bdf29bbcdb716e1
- name: github.com/pariz/gountries
  version: a6cd50834ce9c3dc62f0487f29b547dcb06a5382
- name: gopkg.in/yaml.v2
  version: eb3733d160e74a9c7e442f435eb3bea458e1d19f
testImports: []
