hash: 25ac1c163d1d153f8996f02477ecbd947ce50ddaa6e14be199ed7aefc9cc0646
updated: 2016-08-25T11:17:44.82063421+01:00
imports:
- name: github.com/huandu/facebook
  version: e7512237e5dc620be55f6bd9ab2d75e7ebbb914c
- name: github.com/pariz/gountries
  version: 9f809e356e5cc61e570a77e6b7fe5f5eafab3576
devImports: []
